
Microsoft Visual Studio Solution File, Format Version 12.00
# Visual Studio Version 17
VisualStudioVersion = 17.8.34511.84
MinimumVisualStudioVersion = 10.0.40219.1
Project("{9A19103F-16F7-4668-BE54-9A1E7A4F7556}") = "HeightsAuction.API", "HeightsAuction.API\HeightsAuction.API.csproj", "{3ACBEB56-DFDC-4818-8562-3A89178E7753}"
EndProject
Project("{2150E333-8FDC-42A3-9474-1A3956D46DE8}") = "Solution Items", "Solution Items", "{98A15059-B293-4CD9-BE01-D0686B9E00BF}"
	ProjectSection(SolutionItems) = preProject
		.gitignore = .gitignore
		Nlog.Config = Nlog.Config
	EndProjectSection
EndProject
Project("{FAE04EC0-301F-11D3-BF4B-00C04F79EFBC}") = "HeightsAuction.Application", "HeightsAuction.Application\HeightsAuction.Application.csproj", "{CCA47736-C494-4FEC-8505-6D8EE88E6580}"
EndProject
Project("{FAE04EC0-301F-11D3-BF4B-00C04F79EFBC}") = "HeightsAuction.Common", "HeightsAuction.Common\HeightsAuction.Common.csproj", "{176E2EDE-C1D5-44F9-A5EE-A1D62B39D741}"
EndProject
Project("{FAE04EC0-301F-11D3-BF4B-00C04F79EFBC}") = "HeightsAuction.Domain", "HeightsAuction.Domain\HeightsAuction.Domain.csproj", "{1C48AB4A-FA99-498D-BB70-DDA628AA4607}"
EndProject
Project("{FAE04EC0-301F-11D3-BF4B-00C04F79EFBC}") = "HeightsAuction.Persistence", "HeightsAuction.Persistence\HeightsAuction.Persistence.csproj", "{51C443D5-468D-4F2D-A6FA-6556EA3217E7}"
EndProject
Global
	GlobalSection(SolutionConfigurationPlatforms) = preSolution
		Debug|Any CPU = Debug|Any CPU
		Release|Any CPU = Release|Any CPU
	EndGlobalSection
	GlobalSection(ProjectConfigurationPlatforms) = postSolution
		{3ACBEB56-DFDC-4818-8562-3A89178E7753}.Debug|Any CPU.ActiveCfg = Debug|Any CPU
		{3ACBEB56-DFDC-4818-8562-3A89178E7753}.Debug|Any CPU.Build.0 = Debug|Any CPU
		{3ACBEB56-DFDC-4818-8562-3A89178E7753}.Release|Any CPU.ActiveCfg = Release|Any CPU
		{3ACBEB56-DFDC-4818-8562-3A89178E7753}.Release|Any CPU.Build.0 = Release|Any CPU
		{CCA47736-C494-4FEC-8505-6D8EE88E6580}.Debug|Any CPU.ActiveCfg = Debug|Any CPU
		{CCA47736-C494-4FEC-8505-6D8EE88E6580}.Debug|Any CPU.Build.0 = Debug|Any CPU
		{CCA47736-C494-4FEC-8505-6D8EE88E6580}.Release|Any CPU.ActiveCfg = Release|Any CPU
		{CCA47736-C494-4FEC-8505-6D8EE88E6580}.Release|Any CPU.Build.0 = Release|Any CPU
		{176E2EDE-C1D5-44F9-A5EE-A1D62B39D741}.Debug|Any CPU.ActiveCfg = Debug|Any CPU
		{176E2EDE-C1D5-44F9-A5EE-A1D62B39D741}.Debug|Any CPU.Build.0 = Debug|Any CPU
		{176E2EDE-C1D5-44F9-A5EE-A1D62B39D741}.Release|Any CPU.ActiveCfg = Release|Any CPU
		{176E2EDE-C1D5-44F9-A5EE-A1D62B39D741}.Release|Any CPU.Build.0 = Release|Any CPU
		{1C48AB4A-FA99-498D-BB70-DDA628AA4607}.Debug|Any CPU.ActiveCfg = Debug|Any CPU
		{1C48AB4A-FA99-498D-BB70-DDA628AA4607}.Debug|Any CPU.Build.0 = Debug|Any CPU
		{1C48AB4A-FA99-498D-BB70-DDA628AA4607}.Release|Any CPU.ActiveCfg = Release|Any CPU
		{1C48AB4A-FA99-498D-BB70-DDA628AA4607}.Release|Any CPU.Build.0 = Release|Any CPU
		{51C443D5-468D-4F2D-A6FA-6556EA3217E7}.Debug|Any CPU.ActiveCfg = Debug|Any CPU
		{51C443D5-468D-4F2D-A6FA-6556EA3217E7}.Debug|Any CPU.Build.0 = Debug|Any CPU
		{51C443D5-468D-4F2D-A6FA-6556EA3217E7}.Release|Any CPU.ActiveCfg = Release|Any CPU
		{51C443D5-468D-4F2D-A6FA-6556EA3217E7}.Release|Any CPU.Build.0 = Release|Any CPU
	EndGlobalSection
	GlobalSection(SolutionProperties) = preSolution
		HideSolutionNode = FALSE
	EndGlobalSection
	GlobalSection(ExtensibilityGlobals) = postSolution
		SolutionGuid = {3FEDFE77-759A-4C72-921E-7B96204F00BF}
	EndGlobalSection
EndGlobal
